{
  "name": "@aaalexliu/pstack-pi",
  "version": "0.1.0",
  "lockfileVersion": 3,
  "requires": true,
  "packages": {
    "": {
      "name": "@aaalexliu/pstack-pi",
      "version": "0.1.0",
      "license": "MIT",
      "engines": {
        "node": ">=22.19.0",
        "pi": "0.85.1"
      }
    }
  }
}
